// !$*UTF8*$!
{
	archiveVersion = 1;
	classes = {
	};
	objectVersion = 56;
	objects = {

/* Begin PBXBuildFile section */
		1871033729B78F7000E78934 /* DetailedViewController.swift in Sources */ = {isa = PBXBuildFile; fileRef = 1871033629B78F7000E78934 /* DetailedViewController.swift */; };
		1871033929B793DA00E78934 /* detailedTableViewCell.swift in Sources */ = {isa = PBXBuildFile; fileRef = 1871033829B793DA00E78934 /* detailedTableViewCell.swift */; };
		1871033B29B79A4B00E78934 /* detailedCollectionViewCell.swift in Sources */ = {isa = PBXBuildFile; fileRef = 1871033A29B79A4B00E78934 /* detailedCollectionViewCell.swift */; };
		18C954CA29B759D20084DB9A /* AppDelegate.swift in Sources */ = {isa = PBXBuildFile; fileRef = 18C954C929B759D20084DB9A /* AppDelegate.swift */; };
		18C954CC29B759D20084DB9A /* SceneDelegate.swift in Sources */ = {isa = PBXBuildFile; fileRef = 18C954CB29B759D20084DB9A /* SceneDelegate.swift */; };
		18C954CE29B759D20084DB9A /* ViewController.swift in Sources */ = {isa = PBXBuildFile; fileRef = 18C954CD29B759D20084DB9A /* ViewController.swift */; };
		18C954D129B759D20084DB9A /* Main.storyboard in Resources */ = {isa = PBXBuildFile; fileRef = 18C954CF29B759D20084DB9A /* Main.storyboard */; };
		18C954D429B759D20084DB9A /* LearningApp.xcdatamodeld in Sources */ = {isa = PBXBuildFile; fileRef = 18C954D229B759D20084DB9A /* LearningApp.xcdatamodeld */; };
		18C954D629B759D40084DB9A /* Assets.xcassets in Resources */ = {isa = PBXBuildFile; fileRef = 18C954D529B759D40084DB9A /* Assets.xcassets */; };
		18C954D929B759D40084DB9A /* LaunchScreen.storyboard in Resources */ = {isa = PBXBuildFile; fileRef = 18C954D729B759D40084DB9A /* LaunchScreen.storyboard */; };
		18C954E129B75FC10084DB9A /* Propertyclass.swift in Sources */ = {isa = PBXBuildFile; fileRef = 18C954E029B75FC10084DB9A /* Propertyclass.swift */; };
		18C954E429B761830084DB9A /* MainUnitViewController.swift in Sources */ = {isa = PBXBuildFile; fileRef = 18C954E329B761830084DB9A /* MainUnitViewController.swift */; };
		18C954E729B76AB90084DB9A /* MainunitTableViewCell.swift in Sources */ = {isa = PBXBuildFile; fileRef = 18C954E629B76AB90084DB9A /* MainunitTableViewCell.swift */; };
		6CAEBED2962D33396BD20C60 /* Pods_LearningApp.framework in Frameworks */ = {isa = PBXBuildFile; fileRef = ABE65904E20A5352ED87296C /* Pods_LearningApp.framework */; };
/* End PBXBuildFile section */

/* Begin PBXFileReference section */
		1871033629B78F7000E78934 /* DetailedViewController.swift */ = {isa = PBXFileReference; lastKnownFileType = sourcecode.swift; path = DetailedViewController.swift; sourceTree = "<group>"; };
		1871033829B793DA00E78934 /* detailedTableViewCell.swift */ = {isa = PBXFileReference; lastKnownFileType = sourcecode.swift; path = detailedTableViewCell.swift; sourceTree = "<group>"; };
		1871033A29B79A4B00E78934 /* detailedCollectionViewCell.swift */ = {isa = PBXFileReference; lastKnownFileType = sourcecode.swift; path = detailedCollectionViewCell.swift; sourceTree = "<group>"; };
		18C954C629B759D20084DB9A /* LearningApp.app */ = {isa = PBXFileReference; explicitFileType = wrapper.application; includeInIndex = 0; path = LearningApp.app; sourceTree = BUILT_PRODUCTS_DIR; };
		18C954C929B759D20084DB9A /* AppDelegate.swift */ = {isa = PBXFileReference; lastKnownFileType = sourcecode.swift; path = AppDelegate.swift; sourceTree = "<group>"; };
		18C954CB29B759D20084DB9A /* SceneDelegate.swift */ = {isa = PBXFileReference; lastKnownFileType = sourcecode.swift; path = SceneDelegate.swift; sourceTree = "<group>"; };
		18C954CD29B759D20084DB9A /* ViewController.swift */ = {isa = PBXFileReference; lastKnownFileType = sourcecode.swift; path = ViewController.swift; sourceTree = "<group>"; };
		18C954D029B759D20084DB9A /* Base */ = {isa = PBXFileReference; lastKnownFileType = file.storyboard; name = Base; path = Base.lproj/Main.storyboard; sourceTree = "<group>"; };
		18C954D329B759D20084DB9A /* LearningApp.xcdatamodel */ = {isa = PBXFileReference; lastKnownFileType = wrapper.xcdatamodel; path = LearningApp.xcdatamodel; sourceTree = "<group>"; };
		18C954D529B759D40084DB9A /* Assets.xcassets */ = {isa = PBXFileReference; lastKnownFileType = folder.assetcatalog; path = Assets.xcassets; sourceTree = "<group>"; };
		18C954D829B759D40084DB9A /* Base */ = {isa = PBXFileReference; lastKnownFileType = file.storyboard; name = Base; path = Base.lproj/LaunchScreen.storyboard; sourceTree = "<group>"; };
		18C954DA29B759D40084DB9A /* Info.plist */ = {isa = PBXFileReference; lastKnownFileType = text.plist.xml; path = Info.plist; sourceTree = "<group>"; };
		18C954E029B75FC10084DB9A /* Propertyclass.swift */ = {isa = PBXFileReference; lastKnownFileType = sourcecode.swift; path = Propertyclass.swift; sourceTree = "<group>"; };
		18C954E329B761830084DB9A /* MainUnitViewController.swift */ = {isa = PBXFileReference; lastKnownFileType = sourcecode.swift; path = MainUnitViewController.swift; sourceTree = "<group>"; };
		18C954E629B76AB90084DB9A /* MainunitTableViewCell.swift */ = {isa = PBXFileReference; lastKnownFileType = sourcecode.swift; path = MainunitTableViewCell.swift; sourceTree = "<group>"; };
		6968AA38F39313DB13C54E3E /* Pods-LearningApp.release.xcconfig */ = {isa = PBXFileReference; includeInIndex = 1; lastKnownFileType = text.xcconfig; name = "Pods-LearningApp.release.xcconfig"; path = "Target Support Files/Pods-LearningApp/Pods-LearningApp.release.xcconfig"; sourceTree = "<group>"; };
		81C155AC06EB21D937A83EA7 /* Pods-LearningApp.debug.xcconfig */ = {isa = PBXFileReference; includeInIndex = 1; lastKnownFileType = text.xcconfig; name = "Pods-LearningApp.debug.xcconfig"; path = "Target Support Files/Pods-LearningApp/Pods-LearningApp.debug.xcconfig"; sourceTree = "<group>"; };
		ABE65904E20A5352ED87296C /* Pods_LearningApp.framework */ = {isa = PBXFileReference; explicitFileType = wrapper.framework; includeInIndex = 0; path = Pods_LearningApp.framework; sourceTree = BUILT_PRODUCTS_DIR; };
/* End PBXFileReference section */

/* Begin PBXFrameworksBuildPhase section */
		18C954C329B759D20084DB9A /* Frameworks */ = {
			isa = PBXFrameworksBuildPhase;
			buildActionMask = 2147483647;
			files = (
				6CAEBED2962D33396BD20C60 /* Pods_LearningApp.framework in Frameworks */,
			);
			runOnlyForDeploymentPostprocessing = 0;
		};
/* End PBXFrameworksBuildPhase section */

/* Begin PBXGroup section */
		053E058F6B3928424D56FF8A /* Frameworks */ = {
			isa = PBXGroup;
			children = (
				ABE65904E20A5352ED87296C /* Pods_LearningApp.framework */,
			);
			name = Frameworks;
			sourceTree = "<group>";
		};
		18C954BD29B759D20084DB9A = {
			isa = PBXGroup;
			children = (
				18C954C829B759D20084DB9A /* LearningApp */,
				18C954C729B759D20084DB9A /* Products */,
				40FF199CAA3E3467271D1571 /* Pods */,
				053E058F6B3928424D56FF8A /* Frameworks */,
			);
			sourceTree = "<group>";
		};
		18C954C729B759D20084DB9A /* Products */ = {
			isa = PBXGroup;
			children = (
				18C954C629B759D20084DB9A /* LearningApp.app */,
			);
			name = Products;
			sourceTree = "<group>";
		};
		18C954C829B759D20084DB9A /* LearningApp */ = {
			isa = PBXGroup;
			children = (
				18C954C929B759D20084DB9A /* AppDelegate.swift */,
				18C954CB29B759D20084DB9A /* SceneDelegate.swift */,
				18C954E529B76A930084DB9A /* VIEWS */,
				18C954E229B761590084DB9A /* CONTROLLERS */,
				18C954CF29B759D20084DB9A /* Main.storyboard */,
				18C954E029B75FC10084DB9A /* Propertyclass.swift */,
				18C954D529B759D40084DB9A /* Assets.xcassets */,
				18C954D729B759D40084DB9A /* LaunchScreen.storyboard */,
				18C954DA29B759D40084DB9A /* Info.plist */,
				18C954D229B759D20084DB9A /* LearningApp.xcdatamodeld */,
			);
			path = LearningApp;
			sourceTree = "<group>";
		};
		18C954E229B761590084DB9A /* CONTROLLERS */ = {
			isa = PBXGroup;
			children = (
				18C954CD29B759D20084DB9A /* ViewController.swift */,
				18C954E329B761830084DB9A /* MainUnitViewController.swift */,
				1871033629B78F7000E78934 /* DetailedViewController.swift */,
			);
			path = CONTROLLERS;
			sourceTree = "<group>";
		};
		18C954E529B76A930084DB9A /* VIEWS */ = {
			isa = PBXGroup;
			children = (
				18C954E629B76AB90084DB9A /* MainunitTableViewCell.swift */,
				1871033829B793DA00E78934 /* detailedTableViewCell.swift */,
				1871033A29B79A4B00E78934 /* detailedCollectionViewCell.swift */,
			);
			path = VIEWS;
			sourceTree = "<group>";
		};
		40FF199CAA3E3467271D1571 /* Pods */ = {
			isa = PBXGroup;
			children = (
				81C155AC06EB21D937A83EA7 /* Pods-LearningApp.debug.xcconfig */,
				6968AA38F39313DB13C54E3E /* Pods-LearningApp.release.xcconfig */,
			);
			path = Pods;
			sourceTree = "<group>";
		};
/* End PBXGroup section */

/* Begin PBXNativeTarget section */
		18C954C529B759D20084DB9A /* LearningApp */ = {
			isa = PBXNativeTarget;
			buildConfigurationList = 18C954DD29B759D40084DB9A /* Build configuration list for PBXNativeTarget "LearningApp" */;
			buildPhases = (
				228D14228693527AC3C643FE /* [CP] Check Pods Manifest.lock */,
				18C954C229B759D20084DB9A /* Sources */,
				18C954C329B759D20084DB9A /* Frameworks */,
				18C954C429B759D20084DB9A /* Resources */,
				00D25C166B8FC87A2CFF10C9 /* [CP] Embed Pods Frameworks */,
			);
			buildRules = (
			);
			dependencies = (
			);
			name = LearningApp;
			productName = LearningApp;
			productReference = 18C954C629B759D20084DB9A /* LearningApp.app */;
			productType = "com.apple.product-type.application";
		};
/* End PBXNativeTarget section */

/* Begin PBXProject section */
		18C954BE29B759D20084DB9A /* Project object */ = {
			isa = PBXProject;
			attributes = {
				BuildIndependentTargetsInParallel = 1;
				LastSwiftUpdateCheck = 1420;
				LastUpgradeCheck = 1420;
				TargetAttributes = {
					18C954C529B759D20084DB9A = {
						CreatedOnToolsVersion = 14.2;
					};
				};
			};
			buildConfigurationList = 18C954C129B759D20084DB9A /* Build configuration list for PBXProject "LearningApp" */;
			compatibilityVersion = "Xcode 14.0";
			developmentRegion = en;
			hasScannedForEncodings = 0;
			knownRegions = (
				en,
				Base,
			);
			mainGroup = 18C954BD29B759D20084DB9A;
			productRefGroup = 18C954C729B759D20084DB9A /* Products */;
			projectDirPath = "";
			projectRoot = "";
			targets = (
				18C954C529B759D20084DB9A /* LearningApp */,
			);
		};
/* End PBXProject section */

/* Begin PBXResourcesBuildPhase section */
		18C954C429B759D20084DB9A /* Resources */ = {
			isa = PBXResourcesBuildPhase;
			buildActionMask = 2147483647;
			files = (
				18C954D929B759D40084DB9A /* LaunchScreen.storyboard in Resources */,
				18C954D629B759D40084DB9A /* Assets.xcassets in Resources */,
				18C954D129B759D20084DB9A /* Main.storyboard in Resources */,
			);
			runOnlyForDeploymentPostprocessing = 0;
		};
/* End PBXResourcesBuildPhase section */

/* Begin PBXShellScriptBuildPhase section */
		00D25C166B8FC87A2CFF10C9 /* [CP] Embed Pods Frameworks */ = {
			isa = PBXShellScriptBuildPhase;
			buildActionMask = 2147483647;
			files = (
			);
			inputFileListPaths = (
				"${PODS_ROOT}/Target Support Files/Pods-LearningApp/Pods-LearningApp-frameworks-${CONFIGURATION}-input-files.xcfilelist",
			);
			name = "[CP] Embed Pods Frameworks";
			outputFileListPaths = (
				"${PODS_ROOT}/Target Support Files/Pods-LearningApp/Pods-LearningApp-frameworks-${CONFIGURATION}-output-files.xcfilelist",
			);
			runOnlyForDeploymentPostprocessing = 0;
			shellPath = /bin/sh;
			shellScript = "\"${PODS_ROOT}/Target Support Files/Pods-LearningApp/Pods-LearningApp-frameworks.sh\"\n";
			showEnvVarsInLog = 0;
		};
		228D14228693527AC3C643FE /* [CP] Check Pods Manifest.lock */ = {
			isa = PBXShellScriptBuildPhase;
			buildActionMask = 2147483647;
			files = (
			);
			inputFileListPaths = (
			);
			inputPaths = (
				"${PODS_PODFILE_DIR_PATH}/Podfile.lock",
				"${PODS_ROOT}/Manifest.lock",
			);
			name = "[CP] Check Pods Manifest.lock";
			outputFileListPaths = (
			);
			outputPaths = (
				"$(DERIVED_FILE_DIR)/Pods-LearningApp-checkManifestLockResult.txt",
			);
			runOnlyForDeploymentPostprocessing = 0;
			shellPath = /bin/sh;
			shellScript = "diff \"${PODS_PODFILE_DIR_PATH}/Podfile.lock\" \"${PODS_ROOT}/Manifest.lock\" > /dev/null\nif [ $? != 0 ] ; then\n    # print error to STDERR\n    echo \"error: The sandbox is not in sync with the Podfile.lock. Run 'pod install' or update your CocoaPods installation.\" >&2\n    exit 1\nfi\n# This output is used by Xcode 'outputs' to avoid re-running this script phase.\necho \"SUCCESS\" > \"${SCRIPT_OUTPUT_FILE_0}\"\n";
			showEnvVarsInLog = 0;
		};
/* End PBXShellScriptBuildPhase section */

/* Begin PBXSourcesBuildPhase section */
		18C954C229B759D20084DB9A /* Sources */ = {
			isa = PBXSourcesBuildPhase;
			buildActionMask = 2147483647;
			files = (
				18C954CE29B759D20084DB9A /* ViewController.swift in Sources */,
				18C954E129B75FC10084DB9A /* Propertyclass.swift in Sources */,
				1871033729B78F7000E78934 /* DetailedViewController.swift in Sources */,
				18C954E429B761830084DB9A /* MainUnitViewController.swift in Sources */,
				18C954E729B76AB90084DB9A /* MainunitTableViewCell.swift in Sources */,
				18C954D429B759D20084DB9A /* LearningApp.xcdatamodeld in Sources */,
				1871033B29B79A4B00E78934 /* detailedCollectionViewCell.swift in Sources */,
				1871033929B793DA00E78934 /* detailedTableViewCell.swift in Sources */,
				18C954CA29B759D20084DB9A /* AppDelegate.swift in Sources */,
				18C954CC29B759D20084DB9A /* SceneDelegate.swift in Sources */,
			);
			runOnlyForDeploymentPostprocessing = 0;
		};
/* End PBXSourcesBuildPhase section */

/* Begin PBXVariantGroup section */
		18C954CF29B759D20084DB9A /* Main.storyboard */ = {
			isa = PBXVariantGroup;
			children = (
				18C954D029B759D20084DB9A /* Base */,
			);
			name = Main.storyboard;
			sourceTree = "<group>";
		};
		18C954D729B759D40084DB9A /* LaunchScreen.storyboard */ = {
			isa = PBXVariantGroup;
			children = (
				18C954D829B759D40084DB9A /* Base */,
			);
			name = LaunchScreen.storyboard;
			sourceTree = "<group>";
		};
/* End PBXVariantGroup section */

/* Begin XCBuildConfiguration section */
		18C954DB29B759D40084DB9A /* Debug */ = {
			isa = XCBuildConfiguration;
			buildSettings = {
				ALWAYS_SEARCH_USER_PATHS = NO;
				CLANG_ANALYZER_NONNULL = YES;
				CLANG_ANALYZER_NUMBER_OBJECT_CONVERSION = YES_AGGRESSIVE;
				CLANG_CXX_LANGUAGE_STANDARD = "gnu++20";
				CLANG_ENABLE_MODULES = YES;
				CLANG_ENABLE_OBJC_ARC = YES;
				CLANG_ENABLE_OBJC_WEAK = YES;
				CLANG_WARN_BLOCK_CAPTURE_AUTORELEASING = YES;
				CLANG_WARN_BOOL_CONVERSION = YES;
				CLANG_WARN_COMMA = YES;
				CLANG_WARN_CONSTANT_CONVERSION = YES;
				CLANG_WARN_DEPRECATED_OBJC_IMPLEMENTATIONS = YES;
				CLANG_WARN_DIRECT_OBJC_ISA_USAGE = YES_ERROR;
				CLANG_WARN_DOCUMENTATION_COMMENTS = YES;
				CLANG_WARN_EMPTY_BODY = YES;
				CLANG_WARN_ENUM_CONVERSION = YES;
				CLANG_WARN_INFINITE_RECURSION = YES;
				CLANG_WARN_INT_CONVERSION = YES;
				CLANG_WARN_NON_LITERAL_NULL_CONVERSION = YES;
				CLANG_WARN_OBJC_IMPLICIT_RETAIN_SELF = YES;
				CLANG_WARN_OBJC_LITERAL_CONVERSION = YES;
				CLANG_WARN_OBJC_ROOT_CLASS = YES_ERROR;
				CLANG_WARN_QUOTED_INCLUDE_IN_FRAMEWORK_HEADER = YES;
				CLANG_WARN_RANGE_LOOP_ANALYSIS = YES;
				CLANG_WARN_STRICT_PROTOTYPES = YES;
				CLANG_WARN_SUSPICIOUS_MOVE = YES;
				CLANG_WARN_UNGUARDED_AVAILABILITY = YES_AGGRESSIVE;
				CLANG_WARN_UNREACHABLE_CODE = YES;
				CLANG_WARN__DUPLICATE_METHOD_MATCH = YES;
				COPY_PHASE_STRIP = NO;
				DEBUG_INFORMATION_FORMAT = dwarf;
				ENABLE_STRICT_OBJC_MSGSEND = YES;
				ENABLE_TESTABILITY = YES;
				GCC_C_LANGUAGE_STANDARD = gnu11;
				GCC_DYNAMIC_NO_PIC = NO;
				GCC_NO_COMMON_BLOCKS = YES;
				GCC_OPTIMIZATION_LEVEL = 0;
				GCC_PREPROCESSOR_DEFINITIONS = (
					"DEBUG=1",
					"$(inherited)",
				);
				GCC_WARN_64_TO_32_BIT_CONVERSION = YES;
				GCC_WARN_ABOUT_RETURN_TYPE = YES_ERROR;
				GCC_WARN_UNDECLARED_SELECTOR = YES;
				GCC_WARN_UNINITIALIZED_AUTOS = YES_AGGRESSIVE;
				GCC_WARN_UNUSED_FUNCTION = YES;
				GCC_WARN_UNUSED_VARIABLE = YES;
				IPHONEOS_DEPLOYMENT_TARGET = 16.2;
				MTL_ENABLE_DEBUG_INFO = INCLUDE_SOURCE;
				MTL_FAST_MATH = YES;
				ONLY_ACTIVE_ARCH = YES;
				SDKROOT = iphoneos;
				SWIFT_ACTIVE_COMPILATION_CONDITIONS = DEBUG;
				SWIFT_OPTIMIZATION_LEVEL = "-Onone";
			};
			name = Debug;
		};
		18C954DC29B759D40084DB9A /* Release */ = {
			isa = XCBuildConfiguration;
			buildSettings = {
				ALWAYS_SEARCH_USER_PATHS = NO;
				CLANG_ANALYZER_NONNULL = YES;
				CLANG_ANALYZER_NUMBER_OBJECT_CONVERSION = YES_AGGRESSIVE;
				CLANG_CXX_LANGUAGE_STANDARD = "gnu++20";
				CLANG_ENABLE_MODULES = YES;
				CLANG_ENABLE_OBJC_ARC = YES;
				CLANG_ENABLE_OBJC_WEAK = YES;
				CLANG_WARN_BLOCK_CAPTURE_AUTORELEASING = YES;
				CLANG_WARN_BOOL_CONVERSION = YES;
				CLANG_WARN_COMMA = YES;
				CLANG_WARN_CONSTANT_CONVERSION = YES;
				CLANG_WARN_DEPRECATED_OBJC_IMPLEMENTATIONS = YES;
				CLANG_WARN_DIRECT_OBJC_ISA_USAGE = YES_ERROR;
				CLANG_WARN_DOCUMENTATION_COMMENTS = YES;
				CLANG_WARN_EMPTY_BODY = YES;
				CLANG_WARN_ENUM_CONVERSION = YES;
				CLANG_WARN_INFINITE_RECURSION = YES;
				CLANG_WARN_INT_CONVERSION = YES;
				CLANG_WARN_NON_LITERAL_NULL_CONVERSION = YES;
				CLANG_WARN_OBJC_IMPLICIT_RETAIN_SELF = YES;
				CLANG_WARN_OBJC_LITERAL_CONVERSION = YES;
				CLANG_WARN_OBJC_ROOT_CLASS = YES_ERROR;
				CLANG_WARN_QUOTED_INCLUDE_IN_FRAMEWORK_HEADER = YES;
				CLANG_WARN_RANGE_LOOP_ANALYSIS = YES;
				CLANG_WARN_STRICT_PROTOTYPES = YES;
				CLANG_WARN_SUSPICIOUS_MOVE = YES;
				CLANG_WARN_UNGUARDED_AVAILABILITY = YES_AGGRESSIVE;
				CLANG_WARN_UNREACHABLE_CODE = YES;
				CLANG_WARN__DUPLICATE_METHOD_MATCH = YES;
				COPY_PHASE_STRIP = NO;
				DEBUG_INFORMATION_FORMAT = "dwarf-with-dsym";
				ENABLE_NS_ASSERTIONS = NO;
				ENABLE_STRICT_OBJC_MSGSEND = YES;
				GCC_C_LANGUAGE_STANDARD = gnu11;
				GCC_NO_COMMON_BLOCKS = YES;
				GCC_WARN_64_TO_32_BIT_CONVERSION = YES;
				GCC_WARN_ABOUT_RETURN_TYPE = YES_ERROR;
				GCC_WARN_UNDECLARED_SELECTOR = YES;
				GCC_WARN_UNINITIALIZED_AUTOS = YES_AGGRESSIVE;
				GCC_WARN_UNUSED_FUNCTION = YES;
				GCC_WARN_UNUSED_VARIABLE = YES;
				IPHONEOS_DEPLOYMENT_TARGET = 16.2;
				MTL_ENABLE_DEBUG_INFO = NO;
				MTL_FAST_MATH = YES;
				SDKROOT = iphoneos;
				SWIFT_COMPILATION_MODE = wholemodule;
				SWIFT_OPTIMIZATION_LEVEL = "-O";
				VALIDATE_PRODUCT = YES;
			};
			name = Release;
		};
		18C954DE29B759D40084DB9A /* Debug */ = {
			isa = XCBuildConfiguration;
			baseConfigurationReference = 81C155AC06EB21D937A83EA7 /* Pods-LearningApp.debug.xcconfig */;
			buildSettings = {
				ASSETCATALOG_COMPILER_APPICON_NAME = AppIcon;
				ASSETCATALOG_COMPILER_GLOBAL_ACCENT_COLOR_NAME = AccentColor;
				CODE_SIGN_STYLE = Automatic;
				CURRENT_PROJECT_VERSION = 1;
				DEVELOPMENT_TEAM = 6VGWYDBQ54;
				GENERATE_INFOPLIST_FILE = YES;
				INFOPLIST_FILE = LearningApp/Info.plist;
				INFOPLIST_KEY_UIApplicationSupportsIndirectInputEvents = YES;
				INFOPLIST_KEY_UILaunchStoryboardName = LaunchScreen;
				INFOPLIST_KEY_UIMainStoryboardFile = Main;
				INFOPLIST_KEY_UISupportedInterfaceOrientations_iPad = "UIInterfaceOrientationPortrait UIInterfaceOrientationPortraitUpsideDown UIInterfaceOrientationLandscapeLeft UIInterfaceOrientationLandscapeRight";
				INFOPLIST_KEY_UISupportedInterfaceOrientations_iPhone = "UIInterfaceOrientationPortrait UIInterfaceOrientationLandscapeLeft UIInterfaceOrientationLandscapeRight";
				IPHONEOS_DEPLOYMENT_TARGET = 13.0;
				LD_RUNPATH_SEARCH_PATHS = (
					"$(inherited)",
					"@executable_path/Frameworks",
				);
				MARKETING_VERSION = 1.0;
				PRODUCT_BUNDLE_IDENTIFIER = JOTech.LearningApp;
				PRODUCT_NAME = "$(TARGET_NAME)";
				SWIFT_EMIT_LOC_STRINGS = YES;
				SWIFT_VERSION = 5.0;
				TARGETED_DEVICE_FAMILY = "1,2";
			};
			name = Debug;
		};
		18C954DF29B759D40084DB9A /* Release */ = {
			isa = XCBuildConfiguration;
			baseConfigurationReference = 6968AA38F39313DB13C54E3E /* Pods-LearningApp.release.xcconfig */;
			buildSettings = {
				ASSETCATALOG_COMPILER_APPICON_NAME = AppIcon;
				ASSETCATALOG_COMPILER_GLOBAL_ACCENT_COLOR_NAME = AccentColor;
				CODE_SIGN_STYLE = Automatic;
				CURRENT_PROJECT_VERSION = 1;
				DEVELOPMENT_TEAM = 6VGWYDBQ54;
				GENERATE_INFOPLIST_FILE = YES;
				INFOPLIST_FILE = LearningApp/Info.plist;
				INFOPLIST_KEY_UIApplicationSupportsIndirectInputEvents = YES;
				INFOPLIST_KEY_UILaunchStoryboardName = LaunchScreen;
				INFOPLIST_KEY_UIMainStoryboardFile = Main;
				INFOPLIST_KEY_UISupportedInterfaceOrientations_iPad = "UIInterfaceOrientationPortrait UIInterfaceOrientationPortraitUpsideDown UIInterfaceOrientationLandscapeLeft UIInterfaceOrientationLandscapeRight";
				INFOPLIST_KEY_UISupportedInterfaceOrientations_iPhone = "UIInterfaceOrientationPortrait UIInterfaceOrientationLandscapeLeft UIInterfaceOrientationLandscapeRight";
				IPHONEOS_DEPLOYMENT_TARGET = 13.0;
				LD_RUNPATH_SEARCH_PATHS = (
					"$(inherited)",
					"@executable_path/Frameworks",
				);
				MARKETING_VERSION = 1.0;
				PRODUCT_BUNDLE_IDENTIFIER = JOTech.LearningApp;
				PRODUCT_NAME = "$(TARGET_NAME)";
				SWIFT_EMIT_LOC_STRINGS = YES;
				SWIFT_VERSION = 5.0;
				TARGETED_DEVICE_FAMILY = "1,2";
			};
			name = Release;
		};
/* End XCBuildConfiguration section */

/* Begin XCConfigurationList section */
		18C954C129B759D20084DB9A /* Build configuration list for PBXProject "LearningApp" */ = {
			isa = XCConfigurationList;
			buildConfigurations = (
				18C954DB29B759D40084DB9A /* Debug */,
				18C954DC29B759D40084DB9A /* Release */,
			);
			defaultConfigurationIsVisible = 0;
			defaultConfigurationName = Release;
		};
		18C954DD29B759D40084DB9A /* Build configuration list for PBXNativeTarget "LearningApp" */ = {
			isa = XCConfigurationList;
			buildConfigurations = (
				18C954DE29B759D40084DB9A /* Debug */,
				18C954DF29B759D40084DB9A /* Release */,
			);
			defaultConfigurationIsVisible = 0;
			defaultConfigurationName = Release;
		};
/* End XCConfigurationList section */

/* Begin XCVersionGroup section */
		18C954D229B759D20084DB9A /* LearningApp.xcdatamodeld */ = {
			isa = XCVersionGroup;
			children = (
				18C954D329B759D20084DB9A /* LearningApp.xcdatamodel */,
			);
			currentVersion = 18C954D329B759D20084DB9A /* LearningApp.xcdatamodel */;
			path = LearningApp.xcdatamodeld;
			sourceTree = "<group>";
			versionGroupType = wrapper.xcdatamodel;
		};
/* End XCVersionGroup section */
	};
	rootObject = 18C954BE29B759D20084DB9A /* Project object */;
}
